
Microsoft Visual Studio Solution File, Format Version 12.00
# Visual Studio Version 17
VisualStudioVersion = 17.9.34902.65
MinimumVisualStudioVersion = 10.0.40219.1
Project("{9A19103F-16F7-4668-BE54-9A1E7A4F7556}") = "Core", "src\Core\Core.csproj", "{A6993AAD-EDCB-4D87-934C-B2435959CE6B}"
EndProject
Project("{9A19103F-16F7-4668-BE54-9A1E7A4F7556}") = "Infra", "src\Infra\Infra.csproj", "{59898E55-31A3-4425-9971-AE901BB43FDB}"
EndProject
Project("{9A19103F-16F7-4668-BE54-9A1E7A4F7556}") = "App.Api", "src\App.Api\App.Api.csproj", "{48DC2385-D82D-4412-9876-C66BC73824EA}"
EndProject
Project("{2150E333-8FDC-42A3-9474-1A3956D46DE8}") = "0. Libs", "0. Libs", "{F2D89687-832C-476D-8E1F-13874DCFA99E}"
EndProject
Project("{9A19103F-16F7-4668-BE54-9A1E7A4F7556}") = "Libs.AspNetCore", "libs\Libs.AspNetCore\Libs.AspNetCore.csproj", "{4DF35182-6B94-4A5B-85F2-9167AEF2396C}"
EndProject
Project("{9A19103F-16F7-4668-BE54-9A1E7A4F7556}") = "Libs.Core", "libs\Libs.Core\Libs.Core.csproj", "{098BAF4A-14F3-42C7-8F87-303E77DCFF06}"
EndProject
Project("{9A19103F-16F7-4668-BE54-9A1E7A4F7556}") = "Libs.Infra.Mongo", "libs\Libs.Infra.Mongo\Libs.Infra.Mongo.csproj", "{837E316F-07FF-4DE8-81FB-DDE6C5D2D121}"
EndProject
Project("{9A19103F-16F7-4668-BE54-9A1E7A4F7556}") = "Libs.Infra.Postgres", "libs\Libs.Infra.Postgres\Libs.Infra.Postgres.csproj", "{856A1B22-B5ED-4913-B9EF-EEF008F34AB0}"
EndProject
Project("{9A19103F-16F7-4668-BE54-9A1E7A4F7556}") = "Libs.Infra.Redis", "libs\Libs.Infra.Redis\Libs.Infra.Redis.csproj", "{FF65F482-38C7-40CD-A5EE-E6F2F30B0067}"
EndProject
Project("{9A19103F-16F7-4668-BE54-9A1E7A4F7556}") = "Libs.Infra.EntityFrameworkCore", "libs\Libs.Infra.EntityFrameworkCore\Libs.Infra.EntityFrameworkCore.csproj", "{5EC9B909-7A36-40DD-95C7-9DBE8EDC47D9}"
EndProject
Project("{2150E333-8FDC-42A3-9474-1A3956D46DE8}") = "T. Tests", "T. Tests", "{F8411D4D-6E02-4655-972F-9B2CE5E274A5}"
EndProject
Project("{2150E333-8FDC-42A3-9474-1A3956D46DE8}") = "D. Docs", "D. Docs", "{0E141F7D-505C-4811-866C-803F064BA565}"
	ProjectSection(SolutionItems) = preProject
		docker\docker-compose.yml = docker\docker-compose.yml
	EndProjectSection
EndProject
Project("{9A19103F-16F7-4668-BE54-9A1E7A4F7556}") = "App.Api.Tests", "tests\App.Api.Tests\App.Api.Tests.csproj", "{EA0E37B4-39E6-4B9B-93A2-81362C2C8CEB}"
EndProject
Project("{9A19103F-16F7-4668-BE54-9A1E7A4F7556}") = "Core.Tests", "tests\Core.Tests\Core.Tests.csproj", "{D22EB9F6-D822-4A07-B865-5553EF413D4A}"
EndProject
Project("{9A19103F-16F7-4668-BE54-9A1E7A4F7556}") = "Infra.Tests", "tests\Infra.Tests\Infra.Tests.csproj", "{60401FC7-3B25-4286-BAED-CC51BE8513F2}"
EndProject
Project("{2150E333-8FDC-42A3-9474-1A3956D46DE8}") = "T. Tests", "T. Tests", "{158CADC4-97B5-4D7E-81A6-4C5F30E14894}"
EndProject
Project("{9A19103F-16F7-4668-BE54-9A1E7A4F7556}") = "Libs.AspNetCore.Tests", "tests\libs\Libs.AspNetCore.Tests\Libs.AspNetCore.Tests.csproj", "{0B120F1B-4786-4CDA-BC34-92AC2F0395C0}"
EndProject
Project("{9A19103F-16F7-4668-BE54-9A1E7A4F7556}") = "Libs.Core.Tests", "tests\libs\Libs.Core.Tests\Libs.Core.Tests.csproj", "{4BCF3FEF-4815-4F45-ACD2-E8C7F429E3EF}"
EndProject
Project("{9A19103F-16F7-4668-BE54-9A1E7A4F7556}") = "Libs.Infra.EntityFrameworkCore.Tests", "tests\libs\Libs.Infra.EntityFrameworkCore.Tests\Libs.Infra.EntityFrameworkCore.Tests.csproj", "{8C12CC25-D042-4F7B-8B1A-433992055537}"
EndProject
Project("{9A19103F-16F7-4668-BE54-9A1E7A4F7556}") = "Libs.Infra.Mongo.Tests", "tests\libs\Libs.Infra.Mongo.Tests\Libs.Infra.Mongo.Tests.csproj", "{260A29C6-B185-4538-85D4-F702AF848B55}"
EndProject
Project("{9A19103F-16F7-4668-BE54-9A1E7A4F7556}") = "Libs.Infra.Postgres.Tests", "tests\libs\Libs.Infra.Postgres.Tests\Libs.Infra.Postgres.Tests.csproj", "{4FB77B00-6CC1-49A3-998F-3F3CE65D0F2C}"
EndProject
Project("{9A19103F-16F7-4668-BE54-9A1E7A4F7556}") = "Libs.Infra.Redis.Tests", "tests\libs\Libs.Infra.Redis.Tests\Libs.Infra.Redis.Tests.csproj", "{D8420CDF-084E-4DC4-8D66-5AD8F1CC746B}"
EndProject
Project("{9A19103F-16F7-4668-BE54-9A1E7A4F7556}") = "Libs.Playground", "tests\libs\Libs.Playground\Libs.Playground.csproj", "{787BDFEF-0353-4D0B-B953-D7D564F1F092}"
EndProject
Global
	GlobalSection(SolutionConfigurationPlatforms) = preSolution
		Debug|Any CPU = Debug|Any CPU
		Release|Any CPU = Release|Any CPU
	EndGlobalSection
	GlobalSection(ProjectConfigurationPlatforms) = postSolution
		{A6993AAD-EDCB-4D87-934C-B2435959CE6B}.Debug|Any CPU.ActiveCfg = Debug|Any CPU
		{A6993AAD-EDCB-4D87-934C-B2435959CE6B}.Debug|Any CPU.Build.0 = Debug|Any CPU
		{A6993AAD-EDCB-4D87-934C-B2435959CE6B}.Release|Any CPU.ActiveCfg = Release|Any CPU
		{A6993AAD-EDCB-4D87-934C-B2435959CE6B}.Release|Any CPU.Build.0 = Release|Any CPU
		{59898E55-31A3-4425-9971-AE901BB43FDB}.Debug|Any CPU.ActiveCfg = Debug|Any CPU
		{59898E55-31A3-4425-9971-AE901BB43FDB}.Debug|Any CPU.Build.0 = Debug|Any CPU
		{59898E55-31A3-4425-9971-AE901BB43FDB}.Release|Any CPU.ActiveCfg = Release|Any CPU
		{59898E55-31A3-4425-9971-AE901BB43FDB}.Release|Any CPU.Build.0 = Release|Any CPU
		{48DC2385-D82D-4412-9876-C66BC73824EA}.Debug|Any CPU.ActiveCfg = Debug|Any CPU
		{48DC2385-D82D-4412-9876-C66BC73824EA}.Debug|Any CPU.Build.0 = Debug|Any CPU
		{48DC2385-D82D-4412-9876-C66BC73824EA}.Release|Any CPU.ActiveCfg = Release|Any CPU
		{48DC2385-D82D-4412-9876-C66BC73824EA}.Release|Any CPU.Build.0 = Release|Any CPU
		{4DF35182-6B94-4A5B-85F2-9167AEF2396C}.Debug|Any CPU.ActiveCfg = Debug|Any CPU
		{4DF35182-6B94-4A5B-85F2-9167AEF2396C}.Debug|Any CPU.Build.0 = Debug|Any CPU
		{4DF35182-6B94-4A5B-85F2-9167AEF2396C}.Release|Any CPU.ActiveCfg = Release|Any CPU
		{4DF35182-6B94-4A5B-85F2-9167AEF2396C}.Release|Any CPU.Build.0 = Release|Any CPU
		{098BAF4A-14F3-42C7-8F87-303E77DCFF06}.Debug|Any CPU.ActiveCfg = Debug|Any CPU
		{098BAF4A-14F3-42C7-8F87-303E77DCFF06}.Debug|Any CPU.Build.0 = Debug|Any CPU
		{098BAF4A-14F3-42C7-8F87-303E77DCFF06}.Release|Any CPU.ActiveCfg = Release|Any CPU
		{098BAF4A-14F3-42C7-8F87-303E77DCFF06}.Release|Any CPU.Build.0 = Release|Any CPU
		{837E316F-07FF-4DE8-81FB-DDE6C5D2D121}.Debug|Any CPU.ActiveCfg = Debug|Any CPU
		{837E316F-07FF-4DE8-81FB-DDE6C5D2D121}.Debug|Any CPU.Build.0 = Debug|Any CPU
		{837E316F-07FF-4DE8-81FB-DDE6C5D2D121}.Release|Any CPU.ActiveCfg = Release|Any CPU
		{837E316F-07FF-4DE8-81FB-DDE6C5D2D121}.Release|Any CPU.Build.0 = Release|Any CPU
		{856A1B22-B5ED-4913-B9EF-EEF008F34AB0}.Debug|Any CPU.ActiveCfg = Debug|Any CPU
		{856A1B22-B5ED-4913-B9EF-EEF008F34AB0}.Debug|Any CPU.Build.0 = Debug|Any CPU
		{856A1B22-B5ED-4913-B9EF-EEF008F34AB0}.Release|Any CPU.ActiveCfg = Release|Any CPU
		{856A1B22-B5ED-4913-B9EF-EEF008F34AB0}.Release|Any CPU.Build.0 = Release|Any CPU
		{FF65F482-38C7-40CD-A5EE-E6F2F30B0067}.Debug|Any CPU.ActiveCfg = Debug|Any CPU
		{FF65F482-38C7-40CD-A5EE-E6F2F30B0067}.Debug|Any CPU.Build.0 = Debug|Any CPU
		{FF65F482-38C7-40CD-A5EE-E6F2F30B0067}.Release|Any CPU.ActiveCfg = Release|Any CPU
		{FF65F482-38C7-40CD-A5EE-E6F2F30B0067}.Release|Any CPU.Build.0 = Release|Any CPU
		{5EC9B909-7A36-40DD-95C7-9DBE8EDC47D9}.Debug|Any CPU.ActiveCfg = Debug|Any CPU
		{5EC9B909-7A36-40DD-95C7-9DBE8EDC47D9}.Debug|Any CPU.Build.0 = Debug|Any CPU
		{5EC9B909-7A36-40DD-95C7-9DBE8EDC47D9}.Release|Any CPU.ActiveCfg = Release|Any CPU
		{5EC9B909-7A36-40DD-95C7-9DBE8EDC47D9}.Release|Any CPU.Build.0 = Release|Any CPU
		{EA0E37B4-39E6-4B9B-93A2-81362C2C8CEB}.Debug|Any CPU.ActiveCfg = Debug|Any CPU
		{EA0E37B4-39E6-4B9B-93A2-81362C2C8CEB}.Debug|Any CPU.Build.0 = Debug|Any CPU
		{EA0E37B4-39E6-4B9B-93A2-81362C2C8CEB}.Release|Any CPU.ActiveCfg = Release|Any CPU
		{EA0E37B4-39E6-4B9B-93A2-81362C2C8CEB}.Release|Any CPU.Build.0 = Release|Any CPU
		{D22EB9F6-D822-4A07-B865-5553EF413D4A}.Debug|Any CPU.ActiveCfg = Debug|Any CPU
		{D22EB9F6-D822-4A07-B865-5553EF413D4A}.Debug|Any CPU.Build.0 = Debug|Any CPU
		{D22EB9F6-D822-4A07-B865-5553EF413D4A}.Release|Any CPU.ActiveCfg = Release|Any CPU
		{D22EB9F6-D822-4A07-B865-5553EF413D4A}.Release|Any CPU.Build.0 = Release|Any CPU
		{60401FC7-3B25-4286-BAED-CC51BE8513F2}.Debug|Any CPU.ActiveCfg = Debug|Any CPU
		{60401FC7-3B25-4286-BAED-CC51BE8513F2}.Debug|Any CPU.Build.0 = Debug|Any CPU
		{60401FC7-3B25-4286-BAED-CC51BE8513F2}.Release|Any CPU.ActiveCfg = Release|Any CPU
		{60401FC7-3B25-4286-BAED-CC51BE8513F2}.Release|Any CPU.Build.0 = Release|Any CPU
		{0B120F1B-4786-4CDA-BC34-92AC2F0395C0}.Debug|Any CPU.ActiveCfg = Debug|Any CPU
		{0B120F1B-4786-4CDA-BC34-92AC2F0395C0}.Debug|Any CPU.Build.0 = Debug|Any CPU
		{0B120F1B-4786-4CDA-BC34-92AC2F0395C0}.Release|Any CPU.ActiveCfg = Release|Any CPU
		{0B120F1B-4786-4CDA-BC34-92AC2F0395C0}.Release|Any CPU.Build.0 = Release|Any CPU
		{4BCF3FEF-4815-4F45-ACD2-E8C7F429E3EF}.Debug|Any CPU.ActiveCfg = Debug|Any CPU
		{4BCF3FEF-4815-4F45-ACD2-E8C7F429E3EF}.Debug|Any CPU.Build.0 = Debug|Any CPU
		{4BCF3FEF-4815-4F45-ACD2-E8C7F429E3EF}.Release|Any CPU.ActiveCfg = Release|Any CPU
		{4BCF3FEF-4815-4F45-ACD2-E8C7F429E3EF}.Release|Any CPU.Build.0 = Release|Any CPU
		{8C12CC25-D042-4F7B-8B1A-433992055537}.Debug|Any CPU.ActiveCfg = Debug|Any CPU
		{8C12CC25-D042-4F7B-8B1A-433992055537}.Debug|Any CPU.Build.0 = Debug|Any CPU
		{8C12CC25-D042-4F7B-8B1A-433992055537}.Release|Any CPU.ActiveCfg = Release|Any CPU
		{8C12CC25-D042-4F7B-8B1A-433992055537}.Release|Any CPU.Build.0 = Release|Any CPU
		{260A29C6-B185-4538-85D4-F702AF848B55}.Debug|Any CPU.ActiveCfg = Debug|Any CPU
		{260A29C6-B185-4538-85D4-F702AF848B55}.Debug|Any CPU.Build.0 = Debug|Any CPU
		{260A29C6-B185-4538-85D4-F702AF848B55}.Release|Any CPU.ActiveCfg = Release|Any CPU
		{260A29C6-B185-4538-85D4-F702AF848B55}.Release|Any CPU.Build.0 = Release|Any CPU
		{4FB77B00-6CC1-49A3-998F-3F3CE65D0F2C}.Debug|Any CPU.ActiveCfg = Debug|Any CPU
		{4FB77B00-6CC1-49A3-998F-3F3CE65D0F2C}.Debug|Any CPU.Build.0 = Debug|Any CPU
		{4FB77B00-6CC1-49A3-998F-3F3CE65D0F2C}.Release|Any CPU.ActiveCfg = Release|Any CPU
		{4FB77B00-6CC1-49A3-998F-3F3CE65D0F2C}.Release|Any CPU.Build.0 = Release|Any CPU
		{D8420CDF-084E-4DC4-8D66-5AD8F1CC746B}.Debug|Any CPU.ActiveCfg = Debug|Any CPU
		{D8420CDF-084E-4DC4-8D66-5AD8F1CC746B}.Debug|Any CPU.Build.0 = Debug|Any CPU
		{D8420CDF-084E-4DC4-8D66-5AD8F1CC746B}.Release|Any CPU.ActiveCfg = Release|Any CPU
		{D8420CDF-084E-4DC4-8D66-5AD8F1CC746B}.Release|Any CPU.Build.0 = Release|Any CPU
		{787BDFEF-0353-4D0B-B953-D7D564F1F092}.Debug|Any CPU.ActiveCfg = Debug|Any CPU
		{787BDFEF-0353-4D0B-B953-D7D564F1F092}.Debug|Any CPU.Build.0 = Debug|Any CPU
		{787BDFEF-0353-4D0B-B953-D7D564F1F092}.Release|Any CPU.ActiveCfg = Release|Any CPU
		{787BDFEF-0353-4D0B-B953-D7D564F1F092}.Release|Any CPU.Build.0 = Release|Any CPU
	EndGlobalSection
	GlobalSection(SolutionProperties) = preSolution
		HideSolutionNode = FALSE
	EndGlobalSection
	GlobalSection(NestedProjects) = preSolution
		{4DF35182-6B94-4A5B-85F2-9167AEF2396C} = {F2D89687-832C-476D-8E1F-13874DCFA99E}
		{098BAF4A-14F3-42C7-8F87-303E77DCFF06} = {F2D89687-832C-476D-8E1F-13874DCFA99E}
		{837E316F-07FF-4DE8-81FB-DDE6C5D2D121} = {F2D89687-832C-476D-8E1F-13874DCFA99E}
		{856A1B22-B5ED-4913-B9EF-EEF008F34AB0} = {F2D89687-832C-476D-8E1F-13874DCFA99E}
		{FF65F482-38C7-40CD-A5EE-E6F2F30B0067} = {F2D89687-832C-476D-8E1F-13874DCFA99E}
		{5EC9B909-7A36-40DD-95C7-9DBE8EDC47D9} = {F2D89687-832C-476D-8E1F-13874DCFA99E}
		{EA0E37B4-39E6-4B9B-93A2-81362C2C8CEB} = {F8411D4D-6E02-4655-972F-9B2CE5E274A5}
		{D22EB9F6-D822-4A07-B865-5553EF413D4A} = {F8411D4D-6E02-4655-972F-9B2CE5E274A5}
		{60401FC7-3B25-4286-BAED-CC51BE8513F2} = {F8411D4D-6E02-4655-972F-9B2CE5E274A5}
		{158CADC4-97B5-4D7E-81A6-4C5F30E14894} = {F2D89687-832C-476D-8E1F-13874DCFA99E}
		{0B120F1B-4786-4CDA-BC34-92AC2F0395C0} = {158CADC4-97B5-4D7E-81A6-4C5F30E14894}
		{4BCF3FEF-4815-4F45-ACD2-E8C7F429E3EF} = {158CADC4-97B5-4D7E-81A6-4C5F30E14894}
		{8C12CC25-D042-4F7B-8B1A-433992055537} = {158CADC4-97B5-4D7E-81A6-4C5F30E14894}
		{260A29C6-B185-4538-85D4-F702AF848B55} = {158CADC4-97B5-4D7E-81A6-4C5F30E14894}
		{4FB77B00-6CC1-49A3-998F-3F3CE65D0F2C} = {158CADC4-97B5-4D7E-81A6-4C5F30E14894}
		{D8420CDF-084E-4DC4-8D66-5AD8F1CC746B} = {158CADC4-97B5-4D7E-81A6-4C5F30E14894}
		{787BDFEF-0353-4D0B-B953-D7D564F1F092} = {158CADC4-97B5-4D7E-81A6-4C5F30E14894}
	EndGlobalSection
	GlobalSection(ExtensibilityGlobals) = postSolution
		SolutionGuid = {82F14EFB-3BA2-44A3-BA19-3D401A92CC78}
	EndGlobalSection
EndGlobal
